
Microsoft Visual Studio Solution File, Format Version 12.00
# Visual Studio Version 17
VisualStudioVersion = 17.7.34302.85
MinimumVisualStudioVersion = 10.0.40219.1
Project("{FAE04EC0-301F-11D3-BF4B-00C04F79EFBC}") = "RBZ_Bubblesort", "RBZ_Bubblesort\RBZ_Bubblesort.csproj", "{486203FD-5714-4C5F-B900-F96A0FE9DBC8}"
EndProject
Global
	GlobalSection(SolutionConfigurationPlatforms) = preSolution
		Debug|Any CPU = Debug|Any CPU
		Release|Any CPU = Release|Any CPU
	EndGlobalSection
	GlobalSection(ProjectConfigurationPlatforms) = postSolution
		{486203FD-5714-4C5F-B900-F96A0FE9DBC8}.Debug|Any CPU.ActiveCfg = Debug|Any CPU
		{486203FD-5714-4C5F-B900-F96A0FE9DBC8}.Debug|Any CPU.Build.0 = Debug|Any CPU
		{486203FD-5714-4C5F-B900-F96A0FE9DBC8}.Release|Any CPU.ActiveCfg = Release|Any CPU
		{486203FD-5714-4C5F-B900-F96A0FE9DBC8}.Release|Any CPU.Build.0 = Release|Any CPU
	EndGlobalSection
	GlobalSection(SolutionProperties) = preSolution
		HideSolutionNode = FALSE
	EndGlobalSection
	GlobalSection(ExtensibilityGlobals) = postSolution
		SolutionGuid = {6BD5AC74-4C36-4F76-823E-4CB7968C200C}
	EndGlobalSection
EndGlobal
